[[package]]
name = 'chess_abi'
source = 'member'
dependencies = [
    'lib_chess',
    'std',
]

[[package]]
name = 'chess_contract'
source = 'member'
dependencies = [
    'chess_abi',
    'lib_chess',
    'std',
]

[[package]]
name = 'core'
source = 'path+from-root-C5BFB8BAFE66DFEA'

[[package]]
name = 'lib_chess'
source = 'member'
dependencies = ['std']

[[package]]
name = 'std'
source = 'git+https://github.com/fuellabs/sway?rev#521c572f52f8f93d9aa74c72275f47911af280f4'
dependencies = ['core']
